{
  "name": "picasso-library",
  "version": "1.0.0",
  "lockfileVersion": 1,
  "requires": true,
  "dependencies": {
    "dayjs": {
      "version": "1.11.10",
      "resolved": "https://registry.npmmirror.com/dayjs/-/dayjs-1.11.10.tgz",
      "integrity": "sha512-vjAczensTgRcqDERK0SR2XMwsF/tSvnvlv6VcF2GIhg6Sx4yOIt/irsr1RDJsKiIyBzJDpCoXiWWq28MqH2cnQ=="
    },
    "wy_jscolor": {
      "version": "1.0.1",
      "resolved": "https://registry.npmmirror.com/wy_jscolor/-/wy_jscolor-1.0.1.tgz",
      "integrity": "sha512-k+IO+1luzry9ThG2ALO96sEQry46M2zU4qkMfaL7+3JM+24VoeSWiXqiVrmCspVXW9f81BxYBLQskPE+NWvEeA=="
    }
  }
}
